
Microsoft Visual Studio Solution File, Format Version 11.00
# Visual Studio 2010
Project("{8BC9CEB8-8B4A-11D0-8D11-00A0C91BC942}") = "图书管理系统", "图书管理系统.vcxproj", "{83D84A2F-6FBC-4CAE-AFE9-0E8ACB6D54F0}"
EndProject
Global
	GlobalSection(SolutionConfigurationPlatforms) = preSolution
		Debug|Win32 = Debug|Win32
		Release|Win32 = Release|Win32
	EndGlobalSection
	GlobalSection(ProjectConfigurationPlatforms) = postSolution
		{83D84A2F-6FBC-4CAE-AFE9-0E8ACB6D54F0}.Debug|Win32.ActiveCfg = Debug|Win32
		{83D84A2F-6FBC-4CAE-AFE9-0E8ACB6D54F0}.Debug|Win32.Build.0 = Debug|Win32
		{83D84A2F-6FBC-4CAE-AFE9-0E8ACB6D54F0}.Release|Win32.ActiveCfg = Release|Win32
		{83D84A2F-6FBC-4CAE-AFE9-0E8ACB6D54F0}.Release|Win32.Build.0 = Release|Win32
	EndGlobalSection
	GlobalSection(SolutionProperties) = preSolution
		HideSolutionNode = FALSE
	EndGlobalSection
EndGlobal
