
Microsoft Visual Studio Solution File, Format Version 11.00
# Visual Studio 2010
Project("{8BC9CEB8-8B4A-11D0-8D11-00A0C91BC942}") = "_02", "_02.vcxproj", "{936909B8-ABBE-42A9-A5E2-E72A7DB2AEC6}"
EndProject
Global
	GlobalSection(SolutionConfigurationPlatforms) = preSolution
		Debug|Win32 = Debug|Win32
		Release|Win32 = Release|Win32
	EndGlobalSection
	GlobalSection(ProjectConfigurationPlatforms) = postSolution
		{936909B8-ABBE-42A9-A5E2-E72A7DB2AEC6}.Debug|Win32.ActiveCfg = Debug|Win32
		{936909B8-ABBE-42A9-A5E2-E72A7DB2AEC6}.Debug|Win32.Build.0 = Debug|Win32
		{936909B8-ABBE-42A9-A5E2-E72A7DB2AEC6}.Release|Win32.ActiveCfg = Release|Win32
		{936909B8-ABBE-42A9-A5E2-E72A7DB2AEC6}.Release|Win32.Build.0 = Release|Win32
	EndGlobalSection
	GlobalSection(SolutionProperties) = preSolution
		HideSolutionNode = FALSE
	EndGlobalSection
EndGlobal
